
Microsoft Visual Studio Solution File, Format Version 12.00
# Visual Studio Version 17
VisualStudioVersion = 17.0.32126.317
MinimumVisualStudioVersion = 10.0.40219.1
Project("{00D1A9C2-B5F0-4AF3-8072-F6C62B433612}") = "ALSMData", "ALSMData\ALSMData.sqlproj", "{83BB1939-EFA0-4E1E-944B-35CBA9BCF63A}"
EndProject
Project("{FAE04EC0-301F-11D3-BF4B-00C04F79EFBC}") = "ALSM.UI", "ALSM.UI\ALSM.UI.csproj", "{D3251EC0-D973-463E-9773-7DE8AA96968B}"
EndProject
Project("{FAE04EC0-301F-11D3-BF4B-00C04F79EFBC}") = "ALSM.DataManager", "ALSM.DataManager\ALSM.DataManager.csproj", "{9C5289BB-C598-4229-8A3F-BF74CAC3F021}"
EndProject
Global
	GlobalSection(SolutionConfigurationPlatforms) = preSolution
		Debug|Any CPU = Debug|Any CPU
		Release|Any CPU = Release|Any CPU
	EndGlobalSection
	GlobalSection(ProjectConfigurationPlatforms) = postSolution
		{83BB1939-EFA0-4E1E-944B-35CBA9BCF63A}.Debug|Any CPU.ActiveCfg = Debug|Any CPU
		{83BB1939-EFA0-4E1E-944B-35CBA9BCF63A}.Debug|Any CPU.Build.0 = Debug|Any CPU
		{83BB1939-EFA0-4E1E-944B-35CBA9BCF63A}.Debug|Any CPU.Deploy.0 = Debug|Any CPU
		{83BB1939-EFA0-4E1E-944B-35CBA9BCF63A}.Release|Any CPU.ActiveCfg = Release|Any CPU
		{83BB1939-EFA0-4E1E-944B-35CBA9BCF63A}.Release|Any CPU.Build.0 = Release|Any CPU
		{83BB1939-EFA0-4E1E-944B-35CBA9BCF63A}.Release|Any CPU.Deploy.0 = Release|Any CPU
		{D3251EC0-D973-463E-9773-7DE8AA96968B}.Debug|Any CPU.ActiveCfg = Debug|Any CPU
		{D3251EC0-D973-463E-9773-7DE8AA96968B}.Debug|Any CPU.Build.0 = Debug|Any CPU
		{D3251EC0-D973-463E-9773-7DE8AA96968B}.Release|Any CPU.ActiveCfg = Release|Any CPU
		{D3251EC0-D973-463E-9773-7DE8AA96968B}.Release|Any CPU.Build.0 = Release|Any CPU
		{9C5289BB-C598-4229-8A3F-BF74CAC3F021}.Debug|Any CPU.ActiveCfg = Debug|Any CPU
		{9C5289BB-C598-4229-8A3F-BF74CAC3F021}.Debug|Any CPU.Build.0 = Debug|Any CPU
		{9C5289BB-C598-4229-8A3F-BF74CAC3F021}.Release|Any CPU.ActiveCfg = Release|Any CPU
		{9C5289BB-C598-4229-8A3F-BF74CAC3F021}.Release|Any CPU.Build.0 = Release|Any CPU
	EndGlobalSection
	GlobalSection(SolutionProperties) = preSolution
		HideSolutionNode = FALSE
	EndGlobalSection
	GlobalSection(ExtensibilityGlobals) = postSolution
		SolutionGuid = {5EA6815D-920F-48D4-8C65-92BE79F5AC1F}
	EndGlobalSection
EndGlobal
